// !$*UTF8*$!
{
	archiveVersion = 1;
	classes = {
	};
	objectVersion = 46;
	objects = {

/* Begin PBXBuildFile section */
		0929B2081D913B6F00F994F1 /* main.cpp in Sources */ = {isa = PBXBuildFile; fileRef = 0929B2071D913B6F00F994F1 /* main.cpp */; };
		0929B2101D91425A00F994F1 /* Vector3.cpp in Sources */ = {isa = PBXBuildFile; fileRef = 0929B20E1D91425A00F994F1 /* Vector3.cpp */; };
		095A88341D9EF2AB0075D75A /* Matrix4x3.cpp in Sources */ = {isa = PBXBuildFile; fileRef = 095A88321D9EF2AB0075D75A /* Matrix4x3.cpp */; };
		09E0A8FC1DB5379000E51C00 /* RotationMatrix.cpp in Sources */ = {isa = PBXBuildFile; fileRef = 09E0A8FA1DB5379000E51C00 /* RotationMatrix.cpp */; };
		09E0A8FF1DB6AB5100E51C00 /* EulerAngle.cpp in Sources */ = {isa = PBXBuildFile; fileRef = 09E0A8FD1DB6AB5100E51C00 /* EulerAngle.cpp */; };
		09E0A9011DB6C0E500E51C00 /* MathUtil.cpp in Sources */ = {isa = PBXBuildFile; fileRef = 09E0A9001DB6C0E500E51C00 /* MathUtil.cpp */; };
		09E0A9041DB7D06400E51C00 /* Quaternion.cpp in Sources */ = {isa = PBXBuildFile; fileRef = 09E0A9021DB7D06400E51C00 /* Quaternion.cpp */; };
/* End PBXBuildFile section */

/* Begin PBXCopyFilesBuildPhase section */
		0929B2021D913B6F00F994F1 /* CopyFiles */ = {
			isa = PBXCopyFilesBuildPhase;
			buildActionMask = 2147483647;
			dstPath = /usr/share/man/man1/;
			dstSubfolderSpec = 0;
			files = (
			);
			runOnlyForDeploymentPostprocessing = 1;
		};
/* End PBXCopyFilesBuildPhase section */

/* Begin PBXFileReference section */
		0929B2041D913B6F00F994F1 /* 3D Math */ = {isa = PBXFileReference; explicitFileType = "compiled.mach-o.executable"; includeInIndex = 0; path = "3D Math"; sourceTree = BUILT_PRODUCTS_DIR; };
		0929B2071D913B6F00F994F1 /* main.cpp */ = {isa = PBXFileReference; lastKnownFileType = sourcecode.cpp.cpp; path = main.cpp; sourceTree = "<group>"; };
		0929B20E1D91425A00F994F1 /* Vector3.cpp */ = {isa = PBXFileReference; fileEncoding = 4; lastKnownFileType = sourcecode.cpp.cpp; path = Vector3.cpp; sourceTree = "<group>"; };
		0929B20F1D91425A00F994F1 /* Vector3.hpp */ = {isa = PBXFileReference; fileEncoding = 4; lastKnownFileType = sourcecode.cpp.h; path = Vector3.hpp; sourceTree = "<group>"; };
		095A88321D9EF2AB0075D75A /* Matrix4x3.cpp */ = {isa = PBXFileReference; fileEncoding = 4; lastKnownFileType = sourcecode.cpp.cpp; path = Matrix4x3.cpp; sourceTree = "<group>"; };
		095A88331D9EF2AB0075D75A /* Matrix4x3.hpp */ = {isa = PBXFileReference; fileEncoding = 4; lastKnownFileType = sourcecode.cpp.h; path = Matrix4x3.hpp; sourceTree = "<group>"; };
		095A88351D9FC1600075D75A /* 3DMath.h */ = {isa = PBXFileReference; lastKnownFileType = sourcecode.c.h; path = 3DMath.h; sourceTree = "<group>"; };
		095A88361D9FC6180075D75A /* MathUtil.h */ = {isa = PBXFileReference; lastKnownFileType = sourcecode.c.h; path = MathUtil.h; sourceTree = "<group>"; };
		095E3B2D1DDB9FE800A4B981 /* AABB.h */ = {isa = PBXFileReference; lastKnownFileType = sourcecode.c.h; path = AABB.h; sourceTree = "<group>"; };
		09E0A8FA1DB5379000E51C00 /* RotationMatrix.cpp */ = {isa = PBXFileReference; fileEncoding = 4; lastKnownFileType = sourcecode.cpp.cpp; path = RotationMatrix.cpp; sourceTree = "<group>"; };
		09E0A8FB1DB5379000E51C00 /* RotationMatrix.hpp */ = {isa = PBXFileReference; fileEncoding = 4; lastKnownFileType = sourcecode.cpp.h; path = RotationMatrix.hpp; sourceTree = "<group>"; };
		09E0A8FD1DB6AB5100E51C00 /* EulerAngle.cpp */ = {isa = PBXFileReference; fileEncoding = 4; lastKnownFileType = sourcecode.cpp.cpp; path = EulerAngle.cpp; sourceTree = "<group>"; };
		09E0A8FE1DB6AB5100E51C00 /* EulerAngle.hpp */ = {isa = PBXFileReference; fileEncoding = 4; lastKnownFileType = sourcecode.cpp.h; path = EulerAngle.hpp; sourceTree = "<group>"; };
		09E0A9001DB6C0E500E51C00 /* MathUtil.cpp */ = {isa = PBXFileReference; fileEncoding = 4; lastKnownFileType = sourcecode.cpp.cpp; path = MathUtil.cpp; sourceTree = "<group>"; };
		09E0A9021DB7D06400E51C00 /* Quaternion.cpp */ = {isa = PBXFileReference; fileEncoding = 4; lastKnownFileType = sourcecode.cpp.cpp; path = Quaternion.cpp; sourceTree = "<group>"; };
		09E0A9031DB7D06400E51C00 /* Quaternion.hpp */ = {isa = PBXFileReference; fileEncoding = 4; lastKnownFileType = sourcecode.cpp.h; path = Quaternion.hpp; sourceTree = "<group>"; };
/* End PBXFileReference section */

/* Begin PBXFrameworksBuildPhase section */
		0929B2011D913B6F00F994F1 /* Frameworks */ = {
			isa = PBXFrameworksBuildPhase;
			buildActionMask = 2147483647;
			files = (
			);
			runOnlyForDeploymentPostprocessing = 0;
		};
/* End PBXFrameworksBuildPhase section */

/* Begin PBXGroup section */
		0929B1FB1D913B6F00F994F1 = {
			isa = PBXGroup;
			children = (
				0929B2061D913B6F00F994F1 /* 3D Math */,
				0929B2051D913B6F00F994F1 /* Products */,
			);
			sourceTree = "<group>";
		};
		0929B2051D913B6F00F994F1 /* Products */ = {
			isa = PBXGroup;
			children = (
				0929B2041D913B6F00F994F1 /* 3D Math */,
			);
			name = Products;
			sourceTree = "<group>";
		};
		0929B2061D913B6F00F994F1 /* 3D Math */ = {
			isa = PBXGroup;
			children = (
				0929B2071D913B6F00F994F1 /* main.cpp */,
				0929B20E1D91425A00F994F1 /* Vector3.cpp */,
				0929B20F1D91425A00F994F1 /* Vector3.hpp */,
				095A88321D9EF2AB0075D75A /* Matrix4x3.cpp */,
				095A88331D9EF2AB0075D75A /* Matrix4x3.hpp */,
				095A88351D9FC1600075D75A /* 3DMath.h */,
				095A88361D9FC6180075D75A /* MathUtil.h */,
				09E0A9001DB6C0E500E51C00 /* MathUtil.cpp */,
				09E0A8FA1DB5379000E51C00 /* RotationMatrix.cpp */,
				09E0A8FB1DB5379000E51C00 /* RotationMatrix.hpp */,
				09E0A8FD1DB6AB5100E51C00 /* EulerAngle.cpp */,
				09E0A8FE1DB6AB5100E51C00 /* EulerAngle.hpp */,
				09E0A9021DB7D06400E51C00 /* Quaternion.cpp */,
				09E0A9031DB7D06400E51C00 /* Quaternion.hpp */,
				095E3B2D1DDB9FE800A4B981 /* AABB.h */,
			);
			path = "3D Math";
			sourceTree = "<group>";
		};
/* End PBXGroup section */

/* Begin PBXNativeTarget section */
		0929B2031D913B6F00F994F1 /* 3D Math */ = {
			isa = PBXNativeTarget;
			buildConfigurationList = 0929B20B1D913B6F00F994F1 /* Build configuration list for PBXNativeTarget "3D Math" */;
			buildPhases = (
				0929B2001D913B6F00F994F1 /* Sources */,
				0929B2011D913B6F00F994F1 /* Frameworks */,
				0929B2021D913B6F00F994F1 /* CopyFiles */,
			);
			buildRules = (
			);
			dependencies = (
			);
			name = "3D Math";
			productName = "3D Math";
			productReference = 0929B2041D913B6F00F994F1 /* 3D Math */;
			productType = "com.apple.product-type.tool";
		};
/* End PBXNativeTarget section */

/* Begin PBXProject section */
		0929B1FC1D913B6F00F994F1 /* Project object */ = {
			isa = PBXProject;
			attributes = {
				LastUpgradeCheck = 0730;
				ORGANIZATIONNAME = "梅宇宸";
				TargetAttributes = {
					0929B2031D913B6F00F994F1 = {
						CreatedOnToolsVersion = 7.3.1;
					};
				};
			};
			buildConfigurationList = 0929B1FF1D913B6F00F994F1 /* Build configuration list for PBXProject "3D Math" */;
			compatibilityVersion = "Xcode 3.2";
			developmentRegion = English;
			hasScannedForEncodings = 0;
			knownRegions = (
				en,
			);
			mainGroup = 0929B1FB1D913B6F00F994F1;
			productRefGroup = 0929B2051D913B6F00F994F1 /* Products */;
			projectDirPath = "";
			projectRoot = "";
			targets = (
				0929B2031D913B6F00F994F1 /* 3D Math */,
			);
		};
/* End PBXProject section */

/* Begin PBXSourcesBuildPhase section */
		0929B2001D913B6F00F994F1 /* Sources */ = {
			isa = PBXSourcesBuildPhase;
			buildActionMask = 2147483647;
			files = (
				09E0A8FF1DB6AB5100E51C00 /* EulerAngle.cpp in Sources */,
				09E0A8FC1DB5379000E51C00 /* RotationMatrix.cpp in Sources */,
				0929B2101D91425A00F994F1 /* Vector3.cpp in Sources */,
				09E0A9011DB6C0E500E51C00 /* MathUtil.cpp in Sources */,
				0929B2081D913B6F00F994F1 /* main.cpp in Sources */,
				09E0A9041DB7D06400E51C00 /* Quaternion.cpp in Sources */,
				095A88341D9EF2AB0075D75A /* Matrix4x3.cpp in Sources */,
			);
			runOnlyForDeploymentPostprocessing = 0;
		};
/* End PBXSourcesBuildPhase section */

/* Begin XCBuildConfiguration section */
		0929B2091D913B6F00F994F1 /* Debug */ = {
			isa = XCBuildConfiguration;
			buildSettings = {
				ALWAYS_SEARCH_USER_PATHS = NO;
				CLANG_ANALYZER_NONNULL = YES;
				CLANG_CXX_LANGUAGE_STANDARD = "gnu++0x";
				CLANG_CXX_LIBRARY = "libc++";
				CLANG_ENABLE_MODULES = YES;
				CLANG_ENABLE_OBJC_ARC = YES;
				CLANG_WARN_BOOL_CONVERSION = YES;
				CLANG_WARN_CONSTANT_CONVERSION = YES;
				CLANG_WARN_DIRECT_OBJC_ISA_USAGE = YES_ERROR;
				CLANG_WARN_EMPTY_BODY = YES;
				CLANG_WARN_ENUM_CONVERSION = YES;
				CLANG_WARN_INT_CONVERSION = YES;
				CLANG_WARN_OBJC_ROOT_CLASS = YES_ERROR;
				CLANG_WARN_UNREACHABLE_CODE = YES;
				CLANG_WARN__DUPLICATE_METHOD_MATCH = YES;
				CODE_SIGN_IDENTITY = "-";
				COPY_PHASE_STRIP = NO;
				DEBUG_INFORMATION_FORMAT = dwarf;
				ENABLE_STRICT_OBJC_MSGSEND = YES;
				ENABLE_TESTABILITY = YES;
				GCC_C_LANGUAGE_STANDARD = gnu99;
				GCC_DYNAMIC_NO_PIC = NO;
				GCC_NO_COMMON_BLOCKS = YES;
				GCC_OPTIMIZATION_LEVEL = 0;
				GCC_PREPROCESSOR_DEFINITIONS = (
					"DEBUG=1",
					"$(inherited)",
				);
				GCC_WARN_64_TO_32_BIT_CONVERSION = YES;
				GCC_WARN_ABOUT_RETURN_TYPE = YES_ERROR;
				GCC_WARN_UNDECLARED_SELECTOR = YES;
				GCC_WARN_UNINITIALIZED_AUTOS = YES_AGGRESSIVE;
				GCC_WARN_UNUSED_FUNCTION = YES;
				GCC_WARN_UNUSED_VARIABLE = YES;
				MACOSX_DEPLOYMENT_TARGET = 10.11;
				MTL_ENABLE_DEBUG_INFO = YES;
				ONLY_ACTIVE_ARCH = YES;
				SDKROOT = macosx;
			};
			name = Debug;
		};
		0929B20A1D913B6F00F994F1 /* Release */ = {
			isa = XCBuildConfiguration;
			buildSettings = {
				ALWAYS_SEARCH_USER_PATHS = NO;
				CLANG_ANALYZER_NONNULL = YES;
				CLANG_CXX_LANGUAGE_STANDARD = "gnu++0x";
				CLANG_CXX_LIBRARY = "libc++";
				CLANG_ENABLE_MODULES = YES;
				CLANG_ENABLE_OBJC_ARC = YES;
				CLANG_WARN_BOOL_CONVERSION = YES;
				CLANG_WARN_CONSTANT_CONVERSION = YES;
				CLANG_WARN_DIRECT_OBJC_ISA_USAGE = YES_ERROR;
				CLANG_WARN_EMPTY_BODY = YES;
				CLANG_WARN_ENUM_CONVERSION = YES;
				CLANG_WARN_INT_CONVERSION = YES;
				CLANG_WARN_OBJC_ROOT_CLASS = YES_ERROR;
				CLANG_WARN_UNREACHABLE_CODE = YES;
				CLANG_WARN__DUPLICATE_METHOD_MATCH = YES;
				CODE_SIGN_IDENTITY = "-";
				COPY_PHASE_STRIP = NO;
				DEBUG_INFORMATION_FORMAT = "dwarf-with-dsym";
				ENABLE_NS_ASSERTIONS = NO;
				ENABLE_STRICT_OBJC_MSGSEND = YES;
				GCC_C_LANGUAGE_STANDARD = gnu99;
				GCC_NO_COMMON_BLOCKS = YES;
				GCC_WARN_64_TO_32_BIT_CONVERSION = YES;
				GCC_WARN_ABOUT_RETURN_TYPE = YES_ERROR;
				GCC_WARN_UNDECLARED_SELECTOR = YES;
				GCC_WARN_UNINITIALIZED_AUTOS = YES_AGGRESSIVE;
				GCC_WARN_UNUSED_FUNCTION = YES;
				GCC_WARN_UNUSED_VARIABLE = YES;
				MACOSX_DEPLOYMENT_TARGET = 10.11;
				MTL_ENABLE_DEBUG_INFO = NO;
				SDKROOT = macosx;
			};
			name = Release;
		};
		0929B20C1D913B6F00F994F1 /* Debug */ = {
			isa = XCBuildConfiguration;
			buildSettings = {
				PRODUCT_NAME = "$(TARGET_NAME)";
			};
			name = Debug;
		};
		0929B20D1D913B6F00F994F1 /* Release */ = {
			isa = XCBuildConfiguration;
			buildSettings = {
				PRODUCT_NAME = "$(TARGET_NAME)";
			};
			name = Release;
		};
/* End XCBuildConfiguration section */

/* Begin XCConfigurationList section */
		0929B1FF1D913B6F00F994F1 /* Build configuration list for PBXProject "3D Math" */ = {
			isa = XCConfigurationList;
			buildConfigurations = (
				0929B2091D913B6F00F994F1 /* Debug */,
				0929B20A1D913B6F00F994F1 /* Release */,
			);
			defaultConfigurationIsVisible = 0;
			defaultConfigurationName = Release;
		};
		0929B20B1D913B6F00F994F1 /* Build configuration list for PBXNativeTarget "3D Math" */ = {
			isa = XCConfigurationList;
			buildConfigurations = (
				0929B20C1D913B6F00F994F1 /* Debug */,
				0929B20D1D913B6F00F994F1 /* Release */,
			);
			defaultConfigurationIsVisible = 0;
			defaultConfigurationName = Release;
		};
/* End XCConfigurationList section */
	};
	rootObject = 0929B1FC1D913B6F00F994F1 /* Project object */;
}
